{
  "nodes": {
    "nixpkgs": {
      "locked": {
        "lastModified": 1780734595,
        "narHash": "sha256-DmTfP92QFYRLOGXlMIE54MAgxSJjDWocl3gRNOu72Os=",
        "owner": "NixOS",
        "repo": "nixpkgs",
        "rev": "9b696460ac78b5ccfc17c854d8c976f20456e943",
        "type": "github"
      },
      "original": {
        "owner": "NixOS",
        "ref": "nixos-26.05",
        "repo": "nixpkgs",
        "type": "github"
      }
    },
    "root": {
      "inputs": {
        "nixpkgs": "nixpkgs",
        "simplon-stub": "simplon-stub"
      }
    },
    "simplon-stub": {
      "inputs": {
        "nixpkgs": [
          "nixpkgs"
        ]
      },
      "locked": {
        "lastModified": 1780293944,
        "narHash": "sha256-dFAi1BRNGcpJYPsz1nm9mHg8bbPtFzehWgv7E4CWWYU=",
        "owner": "pmiddend",
        "repo": "simplon-stub",
        "rev": "9db2d672ce0e001a5c2d2737ddaea177de287438",
        "type": "github"
      },
      "original": {
        "owner": "pmiddend",
        "repo": "simplon-stub",
        "type": "github"
      }
    }
  },
  "root": "root",
  "version": 7
}
