{
  "nodes": {
    "nixpkgs": {
      "locked": {
        "lastModified": 1741862977,
        "narHash": "sha256-prZ0M8vE/ghRGGZcflvxCu40ObKaB+ikn74/xQoNrGQ=",
        "owner": "NixOS",
        "repo": "nixpkgs",
        "rev": "cdd2ef009676ac92b715ff26630164bb88fec4e0",
        "type": "github"
      },
      "original": {
        "owner": "NixOS",
        "ref": "nixos-24.11",
        "repo": "nixpkgs",
        "type": "github"
      }
    },
    "nixpkgs_2": {
      "locked": {
        "lastModified": 1743367904,
        "narHash": "sha256-sOos1jZGKmT6xxPvxGQyPTApOunXvScV4lNjBCXd/CI=",
        "owner": "NixOS",
        "repo": "nixpkgs",
        "rev": "7ffe0edc685f14b8c635e3d6591b0bbb97365e6c",
        "type": "github"
      },
      "original": {
        "id": "nixpkgs",
        "ref": "nixos-24.11",
        "type": "indirect"
      }
    },
    "root": {
      "inputs": {
        "nixpkgs": "nixpkgs",
        "simplon-stub": "simplon-stub"
      }
    },
    "simplon-stub": {
      "inputs": {
        "nixpkgs": "nixpkgs_2"
      },
      "locked": {
        "lastModified": 1743503591,
        "narHash": "sha256-A3bQOP6uLYkDrTIKTcvYW3NFawS1oQvKtQNZ/OPIpGY=",
        "owner": "pmiddend",
        "repo": "simplon-stub",
        "rev": "901b432feb2a5b285fa6f1bb83b350f39baf085f",
        "type": "github"
      },
      "original": {
        "owner": "pmiddend",
        "repo": "simplon-stub",
        "type": "github"
      }
    }
  },
  "root": "root",
  "version": 7
}
