{
  "nodes": {
    "nixpkgs": {
      "locked": {
        "lastModified": 1764831616,
        "narHash": "sha256-OtzF5wBvO0jgW1WW1rQU9cMGx7zuvkF7CAVJ1ypzkxA=",
        "owner": "NixOS",
        "repo": "nixpkgs",
        "rev": "c97c47f2bac4fa59e2cbdeba289686ae615f8ed4",
        "type": "github"
      },
      "original": {
        "owner": "NixOS",
        "ref": "nixos-25.11",
        "repo": "nixpkgs",
        "type": "github"
      }
    },
    "nixpkgs_2": {
      "locked": {
        "lastModified": 1764831616,
        "narHash": "sha256-OtzF5wBvO0jgW1WW1rQU9cMGx7zuvkF7CAVJ1ypzkxA=",
        "owner": "NixOS",
        "repo": "nixpkgs",
        "rev": "c97c47f2bac4fa59e2cbdeba289686ae615f8ed4",
        "type": "github"
      },
      "original": {
        "id": "nixpkgs",
        "ref": "nixos-25.11",
        "type": "indirect"
      }
    },
    "root": {
      "inputs": {
        "nixpkgs": "nixpkgs",
        "simplon-stub": "simplon-stub"
      }
    },
    "simplon-stub": {
      "inputs": {
        "nixpkgs": "nixpkgs_2"
      },
      "locked": {
        "lastModified": 1764942707,
        "narHash": "sha256-Xym41VGAuMfcuR3QNwafBaLyuk921oUzloaL/5KozrY=",
        "owner": "pmiddend",
        "repo": "simplon-stub",
        "rev": "ace6a2249d9b950b591c50290bb9df1904e84c44",
        "type": "github"
      },
      "original": {
        "owner": "pmiddend",
        "repo": "simplon-stub",
        "type": "github"
      }
    }
  },
  "root": "root",
  "version": 7
}
